// !$*UTF8*$!
{
	archiveVersion = 1;
	classes = {
	};
	objectVersion = 46;
	objects = {

/* Begin PBXBuildFile section */
		9411401C19D6F5A6007A411A /* InfoPlist.strings in Resources */ = {isa = PBXBuildFile; fileRef = 9411401E19D6F5A6007A411A /* InfoPlist.strings */; };
		9411402219D6FBFF007A411A /* DestinationNode.m in Sources */ = {isa = PBXBuildFile; fileRef = 9411402119D6FBFF007A411A /* DestinationNode.m */; };
		9421770A19DBDC0200437B17 /* FloraNode.m in Sources */ = {isa = PBXBuildFile; fileRef = 9421770919DBDC0200437B17 /* FloraNode.m */; };
		9421770C19DBE65400437B17 /* Levels.xml in Resources */ = {isa = PBXBuildFile; fileRef = 9421770B19DBE65400437B17 /* Levels.xml */; };
		942D3CDB19D9804F00E46924 /* GameOverScene.m in Sources */ = {isa = PBXBuildFile; fileRef = 942D3CDA19D9804F00E46924 /* GameOverScene.m */; };
		942D3CDE19D98C2A00E46924 /* AbstractScene.m in Sources */ = {isa = PBXBuildFile; fileRef = 942D3CDD19D98C2A00E46924 /* AbstractScene.m */; };
		944E8F4B19D2A8A400DEB279 /* Navigator.m in Sources */ = {isa = PBXBuildFile; fileRef = 944E8F4A19D2A8A400DEB279 /* Navigator.m */; };
		9457964919DDF06B0020D2FE /* GameKit.framework in Frameworks */ = {isa = PBXBuildFile; fileRef = 9457964819DDF06B0020D2FE /* GameKit.framework */; };
		9457964C19DEA8900020D2FE /* GameCenter.m in Sources */ = {isa = PBXBuildFile; fileRef = 9457964B19DEA8900020D2FE /* GameCenter.m */; };
		9462C5EC19D400C3009B5D68 /* PlayerNode.m in Sources */ = {isa = PBXBuildFile; fileRef = 9462C5EB19D400C3009B5D68 /* PlayerNode.m */; };
		9462C5F319D409DE009B5D68 /* Playground.m in Sources */ = {isa = PBXBuildFile; fileRef = 9462C5F219D409DE009B5D68 /* Playground.m */; };
		9462C5FA19D448E1009B5D68 /* VehicleNode.m in Sources */ = {isa = PBXBuildFile; fileRef = 9462C5F919D448E1009B5D68 /* VehicleNode.m */; };
		9462C60119D4AF55009B5D68 /* LaneNode.m in Sources */ = {isa = PBXBuildFile; fileRef = 9462C60019D4AF55009B5D68 /* LaneNode.m */; };
		9462C60E19D58A46009B5D68 /* PreparationScene.m in Sources */ = {isa = PBXBuildFile; fileRef = 9462C60D19D58A46009B5D68 /* PreparationScene.m */; };
		94730E4719D6C85C0013F267 /* LaneMarkingNode.m in Sources */ = {isa = PBXBuildFile; fileRef = 94730E4619D6C85C0013F267 /* LaneMarkingNode.m */; };
		94730E4A19D6E7110013F267 /* GroundNode.m in Sources */ = {isa = PBXBuildFile; fileRef = 94730E4919D6E7110013F267 /* GroundNode.m */; };
		94730E5119D6F00B0013F267 /* Localizable.strings in Resources */ = {isa = PBXBuildFile; fileRef = 94730E5319D6F00B0013F267 /* Localizable.strings */; };
		947BA34619E08710000BDB86 /* iAd.framework in Frameworks */ = {isa = PBXBuildFile; fileRef = 947BA34519E08710000BDB86 /* iAd.framework */; };
		947BA35719E16553000BDB86 /* RailLightsNode.m in Sources */ = {isa = PBXBuildFile; fileRef = 947BA35619E16553000BDB86 /* RailLightsNode.m */; };
		947BA3C119E2DFCB000BDB86 /* StoreKit.framework in Frameworks */ = {isa = PBXBuildFile; fileRef = 947BA3C019E2DFCB000BDB86 /* StoreKit.framework */; };
		947BA3C419E3D3BF000BDB86 /* SelectLevelScene.m in Sources */ = {isa = PBXBuildFile; fileRef = 947BA3C319E3D3BF000BDB86 /* SelectLevelScene.m */; };
		947BA3C719E3DC61000BDB86 /* AppStore.m in Sources */ = {isa = PBXBuildFile; fileRef = 947BA3C619E3DC61000BDB86 /* AppStore.m */; };
		947BA3CA19E3E01D000BDB86 /* SceneWithAds.m in Sources */ = {isa = PBXBuildFile; fileRef = 947BA3C919E3E01D000BDB86 /* SceneWithAds.m */; };
		947BA3CD19E40C48000BDB86 /* SelectLevelButton.m in Sources */ = {isa = PBXBuildFile; fileRef = 947BA3CC19E40C48000BDB86 /* SelectLevelButton.m */; };
		94A6482419DD248E00CAF266 /* RoadNode.m in Sources */ = {isa = PBXBuildFile; fileRef = 94A6482319DD248E00CAF266 /* RoadNode.m */; };
		94A6482A19DD4B6A00CAF266 /* CoreLocation.framework in Frameworks */ = {isa = PBXBuildFile; fileRef = 94A6482919DD4B6A00CAF266 /* CoreLocation.framework */; };
		94A6482C19DD4BBA00CAF266 /* CoreAudio.framework in Frameworks */ = {isa = PBXBuildFile; fileRef = 94A6482B19DD4BBA00CAF266 /* CoreAudio.framework */; };
		94A6482E19DD4BDD00CAF266 /* SpriteKit.framework in Frameworks */ = {isa = PBXBuildFile; fileRef = 94A6482D19DD4BDD00CAF266 /* SpriteKit.framework */; };
		94A99BC219D9B0B0009AF19E /* MissionCompleteScene.m in Sources */ = {isa = PBXBuildFile; fileRef = 94A99BC119D9B0B0009AF19E /* MissionCompleteScene.m */; };
		94B19B2519D28F8500CA0E50 /* main.m in Sources */ = {isa = PBXBuildFile; fileRef = 94B19B2419D28F8500CA0E50 /* main.m */; };
		94B19B2819D28F8500CA0E50 /* ApplicationDelegate.m in Sources */ = {isa = PBXBuildFile; fileRef = 94B19B2719D28F8500CA0E50 /* ApplicationDelegate.m */; };
		94B19B2B19D28F8500CA0E50 /* GameScene.m in Sources */ = {isa = PBXBuildFile; fileRef = 94B19B2A19D28F8500CA0E50 /* GameScene.m */; };
		94B19B3019D28F8500CA0E50 /* MainViewController.m in Sources */ = {isa = PBXBuildFile; fileRef = 94B19B2F19D28F8500CA0E50 /* MainViewController.m */; };
		94B19B3519D28F8500CA0E50 /* Images.xcassets in Resources */ = {isa = PBXBuildFile; fileRef = 94B19B3419D28F8500CA0E50 /* Images.xcassets */; };
		94B19B4419D28F8600CA0E50 /* FroggerTests.m in Sources */ = {isa = PBXBuildFile; fileRef = 94B19B4319D28F8600CA0E50 /* FroggerTests.m */; };
		94B19B4F19D2948B00CA0E50 /* WelcomeScene.m in Sources */ = {isa = PBXBuildFile; fileRef = 94B19B4E19D2948B00CA0E50 /* WelcomeScene.m */; };
		94E8F4CD1A08C6DD00E0CED1 /* Main.storyboard in Resources */ = {isa = PBXBuildFile; fileRef = 94E8F4CC1A08C6DD00E0CED1 /* Main.storyboard */; };
/* End PBXBuildFile section */

/* Begin PBXContainerItemProxy section */
		94B19B3E19D28F8600CA0E50 /* PBXContainerItemProxy */ = {
			isa = PBXContainerItemProxy;
			containerPortal = 94B19B1719D28F8500CA0E50 /* Project object */;
			proxyType = 1;
			remoteGlobalIDString = 94B19B1E19D28F8500CA0E50;
			remoteInfo = Frogger;
		};
/* End PBXContainerItemProxy section */

/* Begin PBXFileReference section */
		9411401D19D6F5A6007A411A /* de */ = {isa = PBXFileReference; lastKnownFileType = text.plist.strings; name = de; path = de.lproj/InfoPlist.strings; sourceTree = "<group>"; };
		9411402019D6FBFF007A411A /* DestinationNode.h */ = {isa = PBXFileReference; fileEncoding = 4; lastKnownFileType = sourcecode.c.h; path = DestinationNode.h; sourceTree = "<group>"; };
		9411402119D6FBFF007A411A /* DestinationNode.m */ = {isa = PBXFileReference; fileEncoding = 4; lastKnownFileType = sourcecode.c.objc; path = DestinationNode.m; sourceTree = "<group>"; };
		9421770819DBDC0200437B17 /* FloraNode.h */ = {isa = PBXFileReference; fileEncoding = 4; lastKnownFileType = sourcecode.c.h; path = FloraNode.h; sourceTree = "<group>"; };
		9421770919DBDC0200437B17 /* FloraNode.m */ = {isa = PBXFileReference; fileEncoding = 4; lastKnownFileType = sourcecode.c.objc; path = FloraNode.m; sourceTree = "<group>"; };
		9421770B19DBE65400437B17 /* Levels.xml */ = {isa = PBXFileReference; fileEncoding = 4; lastKnownFileType = text.xml; path = Levels.xml; sourceTree = "<group>"; };
		942D3CD919D9804F00E46924 /* GameOverScene.h */ = {isa = PBXFileReference; fileEncoding = 4; lastKnownFileType = sourcecode.c.h; path = GameOverScene.h; sourceTree = "<group>"; };
		942D3CDA19D9804F00E46924 /* GameOverScene.m */ = {isa = PBXFileReference; fileEncoding = 4; lastKnownFileType = sourcecode.c.objc; path = GameOverScene.m; sourceTree = "<group>"; };
		942D3CDC19D98C2A00E46924 /* AbstractScene.h */ = {isa = PBXFileReference; fileEncoding = 4; lastKnownFileType = sourcecode.c.h; path = AbstractScene.h; sourceTree = "<group>"; };
		942D3CDD19D98C2A00E46924 /* AbstractScene.m */ = {isa = PBXFileReference; fileEncoding = 4; lastKnownFileType = sourcecode.c.objc; path = AbstractScene.m; sourceTree = "<group>"; };
		944E8F4919D2A8A400DEB279 /* Navigator.h */ = {isa = PBXFileReference; fileEncoding = 4; lastKnownFileType = sourcecode.c.h; path = Navigator.h; sourceTree = "<group>"; };
		944E8F4A19D2A8A400DEB279 /* Navigator.m */ = {isa = PBXFileReference; fileEncoding = 4; lastKnownFileType = sourcecode.c.objc; path = Navigator.m; sourceTree = "<group>"; };
		9457964819DDF06B0020D2FE /* GameKit.framework */ = {isa = PBXFileReference; lastKnownFileType = wrapper.framework; name = GameKit.framework; path = System/Library/Frameworks/GameKit.framework; sourceTree = SDKROOT; };
		9457964A19DEA8900020D2FE /* GameCenter.h */ = {isa = PBXFileReference; fileEncoding = 4; lastKnownFileType = sourcecode.c.h; path = GameCenter.h; sourceTree = "<group>"; };
		9457964B19DEA8900020D2FE /* GameCenter.m */ = {isa = PBXFileReference; fileEncoding = 4; lastKnownFileType = sourcecode.c.objc; path = GameCenter.m; sourceTree = "<group>"; };
		9462C5EA19D400C3009B5D68 /* PlayerNode.h */ = {isa = PBXFileReference; fileEncoding = 4; lastKnownFileType = sourcecode.c.h; path = PlayerNode.h; sourceTree = "<group>"; };
		9462C5EB19D400C3009B5D68 /* PlayerNode.m */ = {isa = PBXFileReference; fileEncoding = 4; lastKnownFileType = sourcecode.c.objc; path = PlayerNode.m; sourceTree = "<group>"; };
		9462C5F119D409DE009B5D68 /* Playground.h */ = {isa = PBXFileReference; fileEncoding = 4; lastKnownFileType = sourcecode.c.h; path = Playground.h; sourceTree = "<group>"; };
		9462C5F219D409DE009B5D68 /* Playground.m */ = {isa = PBXFileReference; fileEncoding = 4; lastKnownFileType = sourcecode.c.objc; path = Playground.m; sourceTree = "<group>"; };
		9462C5F819D448E1009B5D68 /* VehicleNode.h */ = {isa = PBXFileReference; fileEncoding = 4; lastKnownFileType = sourcecode.c.h; path = VehicleNode.h; sourceTree = "<group>"; };
		9462C5F919D448E1009B5D68 /* VehicleNode.m */ = {isa = PBXFileReference; fileEncoding = 4; lastKnownFileType = sourcecode.c.objc; path = VehicleNode.m; sourceTree = "<group>"; };
		9462C5FF19D4AF55009B5D68 /* LaneNode.h */ = {isa = PBXFileReference; fileEncoding = 4; lastKnownFileType = sourcecode.c.h; path = LaneNode.h; sourceTree = "<group>"; };
		9462C60019D4AF55009B5D68 /* LaneNode.m */ = {isa = PBXFileReference; fileEncoding = 4; lastKnownFileType = sourcecode.c.objc; path = LaneNode.m; sourceTree = "<group>"; };
		9462C60219D53538009B5D68 /* Globals.h */ = {isa = PBXFileReference; lastKnownFileType = sourcecode.c.h; path = Globals.h; sourceTree = "<group>"; };
		9462C60C19D58A46009B5D68 /* PreparationScene.h */ = {isa = PBXFileReference; fileEncoding = 4; lastKnownFileType = sourcecode.c.h; path = PreparationScene.h; sourceTree = "<group>"; };
		9462C60D19D58A46009B5D68 /* PreparationScene.m */ = {isa = PBXFileReference; fileEncoding = 4; lastKnownFileType = sourcecode.c.objc; path = PreparationScene.m; sourceTree = "<group>"; };
		94730E4519D6C85C0013F267 /* LaneMarkingNode.h */ = {isa = PBXFileReference; fileEncoding = 4; lastKnownFileType = sourcecode.c.h; path = LaneMarkingNode.h; sourceTree = "<group>"; };
		94730E4619D6C85C0013F267 /* LaneMarkingNode.m */ = {isa = PBXFileReference; fileEncoding = 4; lastKnownFileType = sourcecode.c.objc; path = LaneMarkingNode.m; sourceTree = "<group>"; };
		94730E4819D6E7110013F267 /* GroundNode.h */ = {isa = PBXFileReference; fileEncoding = 4; lastKnownFileType = sourcecode.c.h; path = GroundNode.h; sourceTree = "<group>"; };
		94730E4919D6E7110013F267 /* GroundNode.m */ = {isa = PBXFileReference; fileEncoding = 4; lastKnownFileType = sourcecode.c.objc; path = GroundNode.m; sourceTree = "<group>"; };
		94730E5719D6F05E0013F267 /* de */ = {isa = PBXFileReference; lastKnownFileType = text.plist.strings; name = de; path = de.lproj/Localizable.strings; sourceTree = "<group>"; };
		947BA34519E08710000BDB86 /* iAd.framework */ = {isa = PBXFileReference; lastKnownFileType = wrapper.framework; name = iAd.framework; path = System/Library/Frameworks/iAd.framework; sourceTree = SDKROOT; };
		947BA35519E16553000BDB86 /* RailLightsNode.h */ = {isa = PBXFileReference; fileEncoding = 4; lastKnownFileType = sourcecode.c.h; path = RailLightsNode.h; sourceTree = "<group>"; };
		947BA35619E16553000BDB86 /* RailLightsNode.m */ = {isa = PBXFileReference; fileEncoding = 4; lastKnownFileType = sourcecode.c.objc; path = RailLightsNode.m; sourceTree = "<group>"; };
		947BA3B219E2CD3F000BDB86 /* nl */ = {isa = PBXFileReference; lastKnownFileType = text.plist.strings; name = nl; path = nl.lproj/Localizable.strings; sourceTree = "<group>"; };
		947BA3B319E2CD3F000BDB86 /* nl */ = {isa = PBXFileReference; lastKnownFileType = text.plist.strings; name = nl; path = nl.lproj/InfoPlist.strings; sourceTree = "<group>"; };
		947BA3B619E2CD45000BDB86 /* fr */ = {isa = PBXFileReference; lastKnownFileType = text.plist.strings; name = fr; path = fr.lproj/Localizable.strings; sourceTree = "<group>"; };
		947BA3B719E2CD45000BDB86 /* fr */ = {isa = PBXFileReference; lastKnownFileType = text.plist.strings; name = fr; path = fr.lproj/InfoPlist.strings; sourceTree = "<group>"; };
		947BA3BA19E2CD5D000BDB86 /* uk */ = {isa = PBXFileReference; lastKnownFileType = text.plist.strings; name = uk; path = uk.lproj/Localizable.strings; sourceTree = "<group>"; };
		947BA3BB19E2CD5D000BDB86 /* uk */ = {isa = PBXFileReference; lastKnownFileType = text.plist.strings; name = uk; path = uk.lproj/InfoPlist.strings; sourceTree = "<group>"; };
		947BA3BE19E2CD64000BDB86 /* ru */ = {isa = PBXFileReference; lastKnownFileType = text.plist.strings; name = ru; path = ru.lproj/Localizable.strings; sourceTree = "<group>"; };
		947BA3BF19E2CD64000BDB86 /* ru */ = {isa = PBXFileReference; lastKnownFileType = text.plist.strings; name = ru; path = ru.lproj/InfoPlist.strings; sourceTree = "<group>"; };
		947BA3C019E2DFCB000BDB86 /* StoreKit.framework */ = {isa = PBXFileReference; lastKnownFileType = wrapper.framework; name = StoreKit.framework; path = System/Library/Frameworks/StoreKit.framework; sourceTree = SDKROOT; };
		947BA3C219E3D3BF000BDB86 /* SelectLevelScene.h */ = {isa = PBXFileReference; fileEncoding = 4; lastKnownFileType = sourcecode.c.h; path = SelectLevelScene.h; sourceTree = "<group>"; };
		947BA3C319E3D3BF000BDB86 /* SelectLevelScene.m */ = {isa = PBXFileReference; fileEncoding = 4; lastKnownFileType = sourcecode.c.objc; path = SelectLevelScene.m; sourceTree = "<group>"; };
		947BA3C519E3DC61000BDB86 /* AppStore.h */ = {isa = PBXFileReference; fileEncoding = 4; lastKnownFileType = sourcecode.c.h; path = AppStore.h; sourceTree = "<group>"; };
		947BA3C619E3DC61000BDB86 /* AppStore.m */ = {isa = PBXFileReference; fileEncoding = 4; lastKnownFileType = sourcecode.c.objc; path = AppStore.m; sourceTree = "<group>"; };
		947BA3C819E3E01D000BDB86 /* SceneWithAds.h */ = {isa = PBXFileReference; fileEncoding = 4; lastKnownFileType = sourcecode.c.h; path = SceneWithAds.h; sourceTree = "<group>"; };
		947BA3C919E3E01D000BDB86 /* SceneWithAds.m */ = {isa = PBXFileReference; fileEncoding = 4; lastKnownFileType = sourcecode.c.objc; path = SceneWithAds.m; sourceTree = "<group>"; };
		947BA3CB19E40C48000BDB86 /* SelectLevelButton.h */ = {isa = PBXFileReference; fileEncoding = 4; lastKnownFileType = sourcecode.c.h; path = SelectLevelButton.h; sourceTree = "<group>"; };
		947BA3CC19E40C48000BDB86 /* SelectLevelButton.m */ = {isa = PBXFileReference; fileEncoding = 4; lastKnownFileType = sourcecode.c.objc; path = SelectLevelButton.m; sourceTree = "<group>"; };
		94A6482219DD248E00CAF266 /* RoadNode.h */ = {isa = PBXFileReference; fileEncoding = 4; lastKnownFileType = sourcecode.c.h; path = RoadNode.h; sourceTree = "<group>"; };
		94A6482319DD248E00CAF266 /* RoadNode.m */ = {isa = PBXFileReference; fileEncoding = 4; lastKnownFileType = sourcecode.c.objc; path = RoadNode.m; sourceTree = "<group>"; };
		94A6482919DD4B6A00CAF266 /* CoreLocation.framework */ = {isa = PBXFileReference; lastKnownFileType = wrapper.framework; name = CoreLocation.framework; path = System/Library/Frameworks/CoreLocation.framework; sourceTree = SDKROOT; };
		94A6482B19DD4BBA00CAF266 /* CoreAudio.framework */ = {isa = PBXFileReference; lastKnownFileType = wrapper.framework; name = CoreAudio.framework; path = System/Library/Frameworks/CoreAudio.framework; sourceTree = SDKROOT; };
		94A6482D19DD4BDD00CAF266 /* SpriteKit.framework */ = {isa = PBXFileReference; lastKnownFileType = wrapper.framework; name = SpriteKit.framework; path = System/Library/Frameworks/SpriteKit.framework; sourceTree = SDKROOT; };
		94A99BC019D9B0B0009AF19E /* MissionCompleteScene.h */ = {isa = PBXFileReference; fileEncoding = 4; lastKnownFileType = sourcecode.c.h; path = MissionCompleteScene.h; sourceTree = "<group>"; };
		94A99BC119D9B0B0009AF19E /* MissionCompleteScene.m */ = {isa = PBXFileReference; fileEncoding = 4; lastKnownFileType = sourcecode.c.objc; path = MissionCompleteScene.m; sourceTree = "<group>"; };
		94B19B1F19D28F8500CA0E50 /* Frogger.app */ = {isa = PBXFileReference; explicitFileType = wrapper.application; includeInIndex = 0; path = Frogger.app; sourceTree = BUILT_PRODUCTS_DIR; };
		94B19B2419D28F8500CA0E50 /* main.m */ = {isa = PBXFileReference; lastKnownFileType = sourcecode.c.objc; path = main.m; sourceTree = "<group>"; };
		94B19B2619D28F8500CA0E50 /* ApplicationDelegate.h */ = {isa = PBXFileReference; lastKnownFileType = sourcecode.c.h; path = ApplicationDelegate.h; sourceTree = "<group>"; };
		94B19B2719D28F8500CA0E50 /* ApplicationDelegate.m */ = {isa = PBXFileReference; lastKnownFileType = sourcecode.c.objc; path = ApplicationDelegate.m; sourceTree = "<group>"; };
		94B19B2919D28F8500CA0E50 /* GameScene.h */ = {isa = PBXFileReference; lastKnownFileType = sourcecode.c.h; path = GameScene.h; sourceTree = "<group>"; };
		94B19B2A19D28F8500CA0E50 /* GameScene.m */ = {isa = PBXFileReference; lastKnownFileType = sourcecode.c.objc; path = GameScene.m; sourceTree = "<group>"; };
		94B19B2E19D28F8500CA0E50 /* MainViewController.h */ = {isa = PBXFileReference; lastKnownFileType = sourcecode.c.h; path = MainViewController.h; sourceTree = "<group>"; };
		94B19B2F19D28F8500CA0E50 /* MainViewController.m */ = {isa = PBXFileReference; lastKnownFileType = sourcecode.c.objc; path = MainViewController.m; sourceTree = "<group>"; };
		94B19B3419D28F8500CA0E50 /* Images.xcassets */ = {isa = PBXFileReference; lastKnownFileType = folder.assetcatalog; path = Images.xcassets; sourceTree = "<group>"; };
		94B19B3D19D28F8600CA0E50 /* FroggerTests.xctest */ = {isa = PBXFileReference; explicitFileType = wrapper.cfbundle; includeInIndex = 0; path = FroggerTests.xctest; sourceTree = BUILT_PRODUCTS_DIR; };
		94B19B4219D28F8600CA0E50 /* Info.plist */ = {isa = PBXFileReference; lastKnownFileType = text.plist.xml; path = Info.plist; sourceTree = "<group>"; };
		94B19B4319D28F8600CA0E50 /* FroggerTests.m */ = {isa = PBXFileReference; lastKnownFileType = sourcecode.c.objc; path = FroggerTests.m; sourceTree = "<group>"; };
		94B19B4D19D2948B00CA0E50 /* WelcomeScene.h */ = {isa = PBXFileReference; fileEncoding = 4; lastKnownFileType = sourcecode.c.h; path = WelcomeScene.h; sourceTree = "<group>"; };
		94B19B4E19D2948B00CA0E50 /* WelcomeScene.m */ = {isa = PBXFileReference; fileEncoding = 4; lastKnownFileType = sourcecode.c.objc; path = WelcomeScene.m; sourceTree = "<group>"; };
		94C9641919DD9B5E007AE24A /* Frogger-Info.plist */ = {isa = PBXFileReference; fileEncoding = 4; lastKnownFileType = text.plist.xml; path = "Frogger-Info.plist"; sourceTree = "<group>"; };
		94E8F4CC1A08C6DD00E0CED1 /* Main.storyboard */ = {isa = PBXFileReference; fileEncoding = 4; lastKnownFileType = file.storyboard; path = Main.storyboard; sourceTree = "<group>"; };
		94F4F31E1A0021A7009E7485 /* Base */ = {isa = PBXFileReference; lastKnownFileType = text.plist.strings; name = Base; path = Base.lproj/Localizable.strings; sourceTree = "<group>"; };
		94F4F31F1A0021D8009E7485 /* Base */ = {isa = PBXFileReference; lastKnownFileType = text.plist.strings; name = Base; path = Base.lproj/InfoPlist.strings; sourceTree = "<group>"; };
		94F4F3201A002215009E7485 /* en */ = {isa = PBXFileReference; lastKnownFileType = text.plist.strings; name = en; path = en.lproj/Localizable.strings; sourceTree = "<group>"; };
		94F4F3211A00221D009E7485 /* en */ = {isa = PBXFileReference; lastKnownFileType = text.plist.strings; name = en; path = en.lproj/InfoPlist.strings; sourceTree = "<group>"; };
/* End PBXFileReference section */

/* Begin PBXFrameworksBuildPhase section */
		94B19B1C19D28F8500CA0E50 /* Frameworks */ = {
			isa = PBXFrameworksBuildPhase;
			buildActionMask = 2147483647;
			files = (
				947BA3C119E2DFCB000BDB86 /* StoreKit.framework in Frameworks */,
				947BA34619E08710000BDB86 /* iAd.framework in Frameworks */,
				94A6482E19DD4BDD00CAF266 /* SpriteKit.framework in Frameworks */,
				94A6482C19DD4BBA00CAF266 /* CoreAudio.framework in Frameworks */,
				94A6482A19DD4B6A00CAF266 /* CoreLocation.framework in Frameworks */,
				9457964919DDF06B0020D2FE /* GameKit.framework in Frameworks */,
			);
			runOnlyForDeploymentPostprocessing = 0;
		};
		94B19B3A19D28F8600CA0E50 /* Frameworks */ = {
			isa = PBXFrameworksBuildPhase;
			buildActionMask = 2147483647;
			files = (
			);
			runOnlyForDeploymentPostprocessing = 0;
		};
/* End PBXFrameworksBuildPhase section */

/* Begin PBXGroup section */
		942D3CD819D9800600E46924 /* Game */ = {
			isa = PBXGroup;
			children = (
				94B19B2919D28F8500CA0E50 /* GameScene.h */,
				94B19B2A19D28F8500CA0E50 /* GameScene.m */,
				9462C5F119D409DE009B5D68 /* Playground.h */,
				9462C5F219D409DE009B5D68 /* Playground.m */,
				9462C5EA19D400C3009B5D68 /* PlayerNode.h */,
				9462C5EB19D400C3009B5D68 /* PlayerNode.m */,
				9411402019D6FBFF007A411A /* DestinationNode.h */,
				9411402119D6FBFF007A411A /* DestinationNode.m */,
				94730E4819D6E7110013F267 /* GroundNode.h */,
				94730E4919D6E7110013F267 /* GroundNode.m */,
				9421770819DBDC0200437B17 /* FloraNode.h */,
				9421770919DBDC0200437B17 /* FloraNode.m */,
				94A6482219DD248E00CAF266 /* RoadNode.h */,
				94A6482319DD248E00CAF266 /* RoadNode.m */,
				9462C5FF19D4AF55009B5D68 /* LaneNode.h */,
				9462C60019D4AF55009B5D68 /* LaneNode.m */,
				947BA35519E16553000BDB86 /* RailLightsNode.h */,
				947BA35619E16553000BDB86 /* RailLightsNode.m */,
				94730E4519D6C85C0013F267 /* LaneMarkingNode.h */,
				94730E4619D6C85C0013F267 /* LaneMarkingNode.m */,
				9462C5F819D448E1009B5D68 /* VehicleNode.h */,
				9462C5F919D448E1009B5D68 /* VehicleNode.m */,
			);
			name = Game;
			sourceTree = "<group>";
		};
		94730E4B19D6EEFD0013F267 /* Localizations */ = {
			isa = PBXGroup;
			children = (
				94730E5319D6F00B0013F267 /* Localizable.strings */,
				9411401E19D6F5A6007A411A /* InfoPlist.strings */,
			);
			name = Localizations;
			sourceTree = "<group>";
		};
		94A99BC319D9B1AA009AF19E /* Scenes */ = {
			isa = PBXGroup;
			children = (
				942D3CDC19D98C2A00E46924 /* AbstractScene.h */,
				942D3CDD19D98C2A00E46924 /* AbstractScene.m */,
				94B19B4D19D2948B00CA0E50 /* WelcomeScene.h */,
				94B19B4E19D2948B00CA0E50 /* WelcomeScene.m */,
				947BA3C219E3D3BF000BDB86 /* SelectLevelScene.h */,
				947BA3C319E3D3BF000BDB86 /* SelectLevelScene.m */,
				947BA3CB19E40C48000BDB86 /* SelectLevelButton.h */,
				947BA3CC19E40C48000BDB86 /* SelectLevelButton.m */,
				9462C60C19D58A46009B5D68 /* PreparationScene.h */,
				9462C60D19D58A46009B5D68 /* PreparationScene.m */,
				942D3CD919D9804F00E46924 /* GameOverScene.h */,
				942D3CDA19D9804F00E46924 /* GameOverScene.m */,
				94A99BC019D9B0B0009AF19E /* MissionCompleteScene.h */,
				94A99BC119D9B0B0009AF19E /* MissionCompleteScene.m */,
			);
			name = Scenes;
			sourceTree = "<group>";
		};
		94A99BC419DA806E009AF19E /* Audio */ = {
			isa = PBXGroup;
			children = (
			);
			name = Audio;
			sourceTree = "<group>";
		};
		94B19B1619D28F8500CA0E50 = {
			isa = PBXGroup;
			children = (
				947BA3C019E2DFCB000BDB86 /* StoreKit.framework */,
				947BA34519E08710000BDB86 /* iAd.framework */,
				9457964819DDF06B0020D2FE /* GameKit.framework */,
				94A6482D19DD4BDD00CAF266 /* SpriteKit.framework */,
				94A6482B19DD4BBA00CAF266 /* CoreAudio.framework */,
				94A6482919DD4B6A00CAF266 /* CoreLocation.framework */,
				94B19B2119D28F8500CA0E50 /* Frogger */,
				94B19B4019D28F8600CA0E50 /* FroggerTests */,
				94B19B2019D28F8500CA0E50 /* Products */,
			);
			sourceTree = "<group>";
		};
		94B19B2019D28F8500CA0E50 /* Products */ = {
			isa = PBXGroup;
			children = (
				94B19B1F19D28F8500CA0E50 /* Frogger.app */,
				94B19B3D19D28F8600CA0E50 /* FroggerTests.xctest */,
			);
			name = Products;
			sourceTree = "<group>";
		};
		94B19B2119D28F8500CA0E50 /* Frogger */ = {
			isa = PBXGroup;
			children = (
				94E8F4CC1A08C6DD00E0CED1 /* Main.storyboard */,
				94B19B2619D28F8500CA0E50 /* ApplicationDelegate.h */,
				94B19B2719D28F8500CA0E50 /* ApplicationDelegate.m */,
				94B19B2E19D28F8500CA0E50 /* MainViewController.h */,
				94B19B2F19D28F8500CA0E50 /* MainViewController.m */,
				9457964A19DEA8900020D2FE /* GameCenter.h */,
				9457964B19DEA8900020D2FE /* GameCenter.m */,
				947BA3C519E3DC61000BDB86 /* AppStore.h */,
				947BA3C619E3DC61000BDB86 /* AppStore.m */,
				947BA3C819E3E01D000BDB86 /* SceneWithAds.h */,
				947BA3C919E3E01D000BDB86 /* SceneWithAds.m */,
				944E8F4919D2A8A400DEB279 /* Navigator.h */,
				944E8F4A19D2A8A400DEB279 /* Navigator.m */,
				9462C60219D53538009B5D68 /* Globals.h */,
				94A99BC319D9B1AA009AF19E /* Scenes */,
				942D3CD819D9800600E46924 /* Game */,
				94B19B3419D28F8500CA0E50 /* Images.xcassets */,
				94B19B2219D28F8500CA0E50 /* Supporting Files */,
			);
			path = Frogger;
			sourceTree = "<group>";
		};
		94B19B2219D28F8500CA0E50 /* Supporting Files */ = {
			isa = PBXGroup;
			children = (
				94C9641919DD9B5E007AE24A /* Frogger-Info.plist */,
				94B19B2419D28F8500CA0E50 /* main.m */,
				9421770B19DBE65400437B17 /* Levels.xml */,
				94A99BC419DA806E009AF19E /* Audio */,
				94730E4B19D6EEFD0013F267 /* Localizations */,
			);
			name = "Supporting Files";
			sourceTree = "<group>";
		};
		94B19B4019D28F8600CA0E50 /* FroggerTests */ = {
			isa = PBXGroup;
			children = (
				94B19B4319D28F8600CA0E50 /* FroggerTests.m */,
				94B19B4119D28F8600CA0E50 /* Supporting Files */,
			);
			path = FroggerTests;
			sourceTree = "<group>";
		};
		94B19B4119D28F8600CA0E50 /* Supporting Files */ = {
			isa = PBXGroup;
			children = (
				94B19B4219D28F8600CA0E50 /* Info.plist */,
			);
			name = "Supporting Files";
			sourceTree = "<group>";
		};
/* End PBXGroup section */

/* Begin PBXNativeTarget section */
		94B19B1E19D28F8500CA0E50 /* Frogger */ = {
			isa = PBXNativeTarget;
			buildConfigurationList = 94B19B4719D28F8600CA0E50 /* Build configuration list for PBXNativeTarget "Frogger" */;
			buildPhases = (
				94B19B1B19D28F8500CA0E50 /* Sources */,
				94B19B1C19D28F8500CA0E50 /* Frameworks */,
				94B19B1D19D28F8500CA0E50 /* Resources */,
			);
			buildRules = (
			);
			dependencies = (
			);
			name = Frogger;
			productName = Frogger;
			productReference = 94B19B1F19D28F8500CA0E50 /* Frogger.app */;
			productType = "com.apple.product-type.application";
		};
		94B19B3C19D28F8600CA0E50 /* FroggerTests */ = {
			isa = PBXNativeTarget;
			buildConfigurationList = 94B19B4A19D28F8600CA0E50 /* Build configuration list for PBXNativeTarget "FroggerTests" */;
			buildPhases = (
				94B19B3919D28F8600CA0E50 /* Sources */,
				94B19B3A19D28F8600CA0E50 /* Frameworks */,
				94B19B3B19D28F8600CA0E50 /* Resources */,
			);
			buildRules = (
			);
			dependencies = (
				94B19B3F19D28F8600CA0E50 /* PBXTargetDependency */,
			);
			name = FroggerTests;
			productName = FroggerTests;
			productReference = 94B19B3D19D28F8600CA0E50 /* FroggerTests.xctest */;
			productType = "com.apple.product-type.bundle.unit-test";
		};
/* End PBXNativeTarget section */

/* Begin PBXProject section */
		94B19B1719D28F8500CA0E50 /* Project object */ = {
			isa = PBXProject;
			attributes = {
				LastUpgradeCheck = 0610;
				ORGANIZATIONNAME = "Meine Werke";
				TargetAttributes = {
					94B19B1E19D28F8500CA0E50 = {
						CreatedOnToolsVersion = 6.0.1;
						DevelopmentTeam = KN3H69T969;
						SystemCapabilities = {
							com.apple.GameCenter = {
								enabled = 1;
							};
						};
					};
					94B19B3C19D28F8600CA0E50 = {
						CreatedOnToolsVersion = 6.0.1;
						TestTargetID = 94B19B1E19D28F8500CA0E50;
					};
				};
			};
			buildConfigurationList = 94B19B1A19D28F8500CA0E50 /* Build configuration list for PBXProject "Frogger" */;
			compatibilityVersion = "Xcode 3.2";
			developmentRegion = English;
			hasScannedForEncodings = 0;
			knownRegions = (
				en,
				de,
				nl,
				fr,
				uk,
				ru,
				Base,
			);
			mainGroup = 94B19B1619D28F8500CA0E50;
			productRefGroup = 94B19B2019D28F8500CA0E50 /* Products */;
			projectDirPath = "";
			projectRoot = "";
			targets = (
				94B19B1E19D28F8500CA0E50 /* Frogger */,
				94B19B3C19D28F8600CA0E50 /* FroggerTests */,
			);
		};
/* End PBXProject section */

/* Begin PBXResourcesBuildPhase section */
		94B19B1D19D28F8500CA0E50 /* Resources */ = {
			isa = PBXResourcesBuildPhase;
			buildActionMask = 2147483647;
			files = (
				94730E5119D6F00B0013F267 /* Localizable.strings in Resources */,
				9411401C19D6F5A6007A411A /* InfoPlist.strings in Resources */,
				94B19B3519D28F8500CA0E50 /* Images.xcassets in Resources */,
				94E8F4CD1A08C6DD00E0CED1 /* Main.storyboard in Resources */,
				9421770C19DBE65400437B17 /* Levels.xml in Resources */,
			);
			runOnlyForDeploymentPostprocessing = 0;
		};
		94B19B3B19D28F8600CA0E50 /* Resources */ = {
			isa = PBXResourcesBuildPhase;
			buildActionMask = 2147483647;
			files = (
			);
			runOnlyForDeploymentPostprocessing = 0;
		};
/* End PBXResourcesBuildPhase section */

/* Begin PBXSourcesBuildPhase section */
		94B19B1B19D28F8500CA0E50 /* Sources */ = {
			isa = PBXSourcesBuildPhase;
			buildActionMask = 2147483647;
			files = (
				9462C5FA19D448E1009B5D68 /* VehicleNode.m in Sources */,
				94B19B3019D28F8500CA0E50 /* MainViewController.m in Sources */,
				94A6482419DD248E00CAF266 /* RoadNode.m in Sources */,
				947BA3C719E3DC61000BDB86 /* AppStore.m in Sources */,
				94B19B4F19D2948B00CA0E50 /* WelcomeScene.m in Sources */,
				9462C5EC19D400C3009B5D68 /* PlayerNode.m in Sources */,
				94A99BC219D9B0B0009AF19E /* MissionCompleteScene.m in Sources */,
				9462C60119D4AF55009B5D68 /* LaneNode.m in Sources */,
				947BA3CA19E3E01D000BDB86 /* SceneWithAds.m in Sources */,
				94B19B2819D28F8500CA0E50 /* ApplicationDelegate.m in Sources */,
				9462C60E19D58A46009B5D68 /* PreparationScene.m in Sources */,
				947BA3CD19E40C48000BDB86 /* SelectLevelButton.m in Sources */,
				947BA35719E16553000BDB86 /* RailLightsNode.m in Sources */,
				9462C5F319D409DE009B5D68 /* Playground.m in Sources */,
				94730E4A19D6E7110013F267 /* GroundNode.m in Sources */,
				94B19B2B19D28F8500CA0E50 /* GameScene.m in Sources */,
				942D3CDB19D9804F00E46924 /* GameOverScene.m in Sources */,
				9421770A19DBDC0200437B17 /* FloraNode.m in Sources */,
				9457964C19DEA8900020D2FE /* GameCenter.m in Sources */,
				944E8F4B19D2A8A400DEB279 /* Navigator.m in Sources */,
				947BA3C419E3D3BF000BDB86 /* SelectLevelScene.m in Sources */,
				942D3CDE19D98C2A00E46924 /* AbstractScene.m in Sources */,
				94B19B2519D28F8500CA0E50 /* main.m in Sources */,
				9411402219D6FBFF007A411A /* DestinationNode.m in Sources */,
				94730E4719D6C85C0013F267 /* LaneMarkingNode.m in Sources */,
			);
			runOnlyForDeploymentPostprocessing = 0;
		};
		94B19B3919D28F8600CA0E50 /* Sources */ = {
			isa = PBXSourcesBuildPhase;
			buildActionMask = 2147483647;
			files = (
				94B19B4419D28F8600CA0E50 /* FroggerTests.m in Sources */,
			);
			runOnlyForDeploymentPostprocessing = 0;
		};
/* End PBXSourcesBuildPhase section */

/* Begin PBXTargetDependency section */
		94B19B3F19D28F8600CA0E50 /* PBXTargetDependency */ = {
			isa = PBXTargetDependency;
			target = 94B19B1E19D28F8500CA0E50 /* Frogger */;
			targetProxy = 94B19B3E19D28F8600CA0E50 /* PBXContainerItemProxy */;
		};
/* End PBXTargetDependency section */

/* Begin PBXVariantGroup section */
		9411401E19D6F5A6007A411A /* InfoPlist.strings */ = {
			isa = PBXVariantGroup;
			children = (
				9411401D19D6F5A6007A411A /* de */,
				947BA3B319E2CD3F000BDB86 /* nl */,
				947BA3B719E2CD45000BDB86 /* fr */,
				947BA3BB19E2CD5D000BDB86 /* uk */,
				947BA3BF19E2CD64000BDB86 /* ru */,
				94F4F31F1A0021D8009E7485 /* Base */,
				94F4F3211A00221D009E7485 /* en */,
			);
			name = InfoPlist.strings;
			sourceTree = "<group>";
		};
		94730E5319D6F00B0013F267 /* Localizable.strings */ = {
			isa = PBXVariantGroup;
			children = (
				94730E5719D6F05E0013F267 /* de */,
				947BA3B219E2CD3F000BDB86 /* nl */,
				947BA3B619E2CD45000BDB86 /* fr */,
				947BA3BA19E2CD5D000BDB86 /* uk */,
				947BA3BE19E2CD64000BDB86 /* ru */,
				94F4F31E1A0021A7009E7485 /* Base */,
				94F4F3201A002215009E7485 /* en */,
			);
			name = Localizable.strings;
			sourceTree = "<group>";
		};
/* End PBXVariantGroup section */

/* Begin XCBuildConfiguration section */
		94B19B4519D28F8600CA0E50 /* Debug */ = {
			isa = XCBuildConfiguration;
			buildSettings = {
				ALWAYS_SEARCH_USER_PATHS = NO;
				CLANG_CXX_LANGUAGE_STANDARD = "gnu++0x";
				CLANG_CXX_LIBRARY = "libc++";
				CLANG_ENABLE_MODULES = YES;
				CLANG_ENABLE_OBJC_ARC = YES;
				CLANG_WARN_BOOL_CONVERSION = YES;
				CLANG_WARN_CONSTANT_CONVERSION = YES;
				CLANG_WARN_DIRECT_OBJC_ISA_USAGE = YES_ERROR;
				CLANG_WARN_EMPTY_BODY = YES;
				CLANG_WARN_ENUM_CONVERSION = YES;
				CLANG_WARN_INT_CONVERSION = YES;
				CLANG_WARN_OBJC_ROOT_CLASS = YES_ERROR;
				CLANG_WARN_UNREACHABLE_CODE = YES;
				CLANG_WARN__DUPLICATE_METHOD_MATCH = YES;
				"CODE_SIGN_IDENTITY[sdk=iphoneos*]" = "iPhone Developer";
				COPY_PHASE_STRIP = NO;
				ENABLE_STRICT_OBJC_MSGSEND = YES;
				GCC_C_LANGUAGE_STANDARD = gnu99;
				GCC_DYNAMIC_NO_PIC = NO;
				GCC_OPTIMIZATION_LEVEL = 0;
				GCC_PREPROCESSOR_DEFINITIONS = (
					"DEBUG=1",
					"$(inherited)",
				);
				GCC_SYMBOLS_PRIVATE_EXTERN = NO;
				GCC_WARN_64_TO_32_BIT_CONVERSION = YES;
				GCC_WARN_ABOUT_RETURN_TYPE = YES_ERROR;
				GCC_WARN_UNDECLARED_SELECTOR = YES;
				GCC_WARN_UNINITIALIZED_AUTOS = YES_AGGRESSIVE;
				GCC_WARN_UNUSED_FUNCTION = YES;
				GCC_WARN_UNUSED_VARIABLE = YES;
				IPHONEOS_DEPLOYMENT_TARGET = 7.0;
				MTL_ENABLE_DEBUG_INFO = YES;
				ONLY_ACTIVE_ARCH = YES;
				SDKROOT = iphoneos;
				TARGETED_DEVICE_FAMILY = "1,2";
			};
			name = Debug;
		};
		94B19B4619D28F8600CA0E50 /* Release */ = {
			isa = XCBuildConfiguration;
			buildSettings = {
				ALWAYS_SEARCH_USER_PATHS = NO;
				CLANG_CXX_LANGUAGE_STANDARD = "gnu++0x";
				CLANG_CXX_LIBRARY = "libc++";
				CLANG_ENABLE_MODULES = YES;
				CLANG_ENABLE_OBJC_ARC = YES;
				CLANG_WARN_BOOL_CONVERSION = YES;
				CLANG_WARN_CONSTANT_CONVERSION = YES;
				CLANG_WARN_DIRECT_OBJC_ISA_USAGE = YES_ERROR;
				CLANG_WARN_EMPTY_BODY = YES;
				CLANG_WARN_ENUM_CONVERSION = YES;
				CLANG_WARN_INT_CONVERSION = YES;
				CLANG_WARN_OBJC_ROOT_CLASS = YES_ERROR;
				CLANG_WARN_UNREACHABLE_CODE = YES;
				CLANG_WARN__DUPLICATE_METHOD_MATCH = YES;
				"CODE_SIGN_IDENTITY[sdk=iphoneos*]" = "iPhone Developer";
				COPY_PHASE_STRIP = YES;
				ENABLE_NS_ASSERTIONS = NO;
				ENABLE_STRICT_OBJC_MSGSEND = YES;
				GCC_C_LANGUAGE_STANDARD = gnu99;
				GCC_WARN_64_TO_32_BIT_CONVERSION = YES;
				GCC_WARN_ABOUT_RETURN_TYPE = YES_ERROR;
				GCC_WARN_UNDECLARED_SELECTOR = YES;
				GCC_WARN_UNINITIALIZED_AUTOS = YES_AGGRESSIVE;
				GCC_WARN_UNUSED_FUNCTION = YES;
				GCC_WARN_UNUSED_VARIABLE = YES;
				IPHONEOS_DEPLOYMENT_TARGET = 7.0;
				MTL_ENABLE_DEBUG_INFO = NO;
				SDKROOT = iphoneos;
				TARGETED_DEVICE_FAMILY = "1,2";
				VALIDATE_PRODUCT = YES;
			};
			name = Release;
		};
		94B19B4819D28F8600CA0E50 /* Debug */ = {
			isa = XCBuildConfiguration;
			buildSettings = {
				ASSETCATALOG_COMPILER_APPICON_NAME = AppIcon;
				ASSETCATALOG_COMPILER_LAUNCHIMAGE_NAME = LaunchImage;
				CODE_SIGN_IDENTITY = "iPhone Developer";
				"CODE_SIGN_IDENTITY[sdk=iphoneos*]" = "iPhone Developer";
				INFOPLIST_FILE = "$(SRCROOT)/Frogger/Frogger-Info.plist";
				IPHONEOS_DEPLOYMENT_TARGET = 7.0;
				LD_RUNPATH_SEARCH_PATHS = "$(inherited) @executable_path/Frameworks";
				ONLY_ACTIVE_ARCH = NO;
				PRODUCT_NAME = "$(TARGET_NAME)";
				PROVISIONING_PROFILE = "";
				TARGETED_DEVICE_FAMILY = "1,2";
			};
			name = Debug;
		};
		94B19B4919D28F8600CA0E50 /* Release */ = {
			isa = XCBuildConfiguration;
			buildSettings = {
				ASSETCATALOG_COMPILER_APPICON_NAME = AppIcon;
				ASSETCATALOG_COMPILER_LAUNCHIMAGE_NAME = LaunchImage;
				CODE_SIGN_IDENTITY = "iPhone Developer";
				"CODE_SIGN_IDENTITY[sdk=iphoneos*]" = "iPhone Developer";
				INFOPLIST_FILE = "$(SRCROOT)/Frogger/Frogger-Info.plist";
				IPHONEOS_DEPLOYMENT_TARGET = 7.0;
				LD_RUNPATH_SEARCH_PATHS = "$(inherited) @executable_path/Frameworks";
				PRODUCT_NAME = "$(TARGET_NAME)";
				PROVISIONING_PROFILE = "";
				TARGETED_DEVICE_FAMILY = "1,2";
			};
			name = Release;
		};
		94B19B4B19D28F8600CA0E50 /* Debug */ = {
			isa = XCBuildConfiguration;
			buildSettings = {
				BUNDLE_LOADER = "$(TEST_HOST)";
				FRAMEWORK_SEARCH_PATHS = (
					"$(SDKROOT)/Developer/Library/Frameworks",
					"$(inherited)",
				);
				GCC_PREPROCESSOR_DEFINITIONS = (
					"DEBUG=1",
					"$(inherited)",
				);
				INFOPLIST_FILE = FroggerTests/Info.plist;
				LD_RUNPATH_SEARCH_PATHS = "$(inherited) @executable_path/Frameworks @loader_path/Frameworks";
				PRODUCT_NAME = "$(TARGET_NAME)";
				TEST_HOST = "$(BUILT_PRODUCTS_DIR)/Frogger.app/Frogger";
			};
			name = Debug;
		};
		94B19B4C19D28F8600CA0E50 /* Release */ = {
			isa = XCBuildConfiguration;
			buildSettings = {
				BUNDLE_LOADER = "$(TEST_HOST)";
				FRAMEWORK_SEARCH_PATHS = (
					"$(SDKROOT)/Developer/Library/Frameworks",
					"$(inherited)",
				);
				INFOPLIST_FILE = FroggerTests/Info.plist;
				LD_RUNPATH_SEARCH_PATHS = "$(inherited) @executable_path/Frameworks @loader_path/Frameworks";
				PRODUCT_NAME = "$(TARGET_NAME)";
				TEST_HOST = "$(BUILT_PRODUCTS_DIR)/Frogger.app/Frogger";
			};
			name = Release;
		};
/* End XCBuildConfiguration section */

/* Begin XCConfigurationList section */
		94B19B1A19D28F8500CA0E50 /* Build configuration list for PBXProject "Frogger" */ = {
			isa = XCConfigurationList;
			buildConfigurations = (
				94B19B4519D28F8600CA0E50 /* Debug */,
				94B19B4619D28F8600CA0E50 /* Release */,
			);
			defaultConfigurationIsVisible = 0;
			defaultConfigurationName = Release;
		};
		94B19B4719D28F8600CA0E50 /* Build configuration list for PBXNativeTarget "Frogger" */ = {
			isa = XCConfigurationList;
			buildConfigurations = (
				94B19B4819D28F8600CA0E50 /* Debug */,
				94B19B4919D28F8600CA0E50 /* Release */,
			);
			defaultConfigurationIsVisible = 0;
			defaultConfigurationName = Release;
		};
		94B19B4A19D28F8600CA0E50 /* Build configuration list for PBXNativeTarget "FroggerTests" */ = {
			isa = XCConfigurationList;
			buildConfigurations = (
				94B19B4B19D28F8600CA0E50 /* Debug */,
				94B19B4C19D28F8600CA0E50 /* Release */,
			);
			defaultConfigurationIsVisible = 0;
			defaultConfigurationName = Release;
		};
/* End XCConfigurationList section */
	};
	rootObject = 94B19B1719D28F8500CA0E50 /* Project object */;
}
